
Microsoft Visual Studio Solution File, Format Version 12.00
# Visual Studio 2013
VisualStudioVersion = 12.0.21005.1
MinimumVisualStudioVersion = 10.0.40219.1
Project("{FAE04EC0-301F-11D3-BF4B-00C04F79EFBC}") = "SimpleArticle.Common", "SimpleArticle.Common\SimpleArticle.Common.csproj", "{471231E1-4F73-45F2-9617-161519011766}"
EndProject
Project("{FAE04EC0-301F-11D3-BF4B-00C04F79EFBC}") = "SimpleArticle.Domain", "SimpleArticle.Domain\SimpleArticle.Domain.csproj", "{B206B80F-2ED9-41B2-931A-E69FC090B584}"
EndProject
Project("{FAE04EC0-301F-11D3-BF4B-00C04F79EFBC}") = "SimpleArticle.Infrastructure", "SimpleArticle.Infrastructure\SimpleArticle.Infrastructure.csproj", "{080F94D4-C4DD-4BFF-9CCD-D65025D3F6CA}"
EndProject
Project("{FAE04EC0-301F-11D3-BF4B-00C04F79EFBC}") = "SimpleArticle.Downloader", "SimpleArticle.Downloader\SimpleArticle.Downloader.csproj", "{105CB3A5-5745-437D-9CB5-B0E1E69B72D0}"
EndProject
Global
	GlobalSection(SolutionConfigurationPlatforms) = preSolution
		Debug|Any CPU = Debug|Any CPU
		Release|Any CPU = Release|Any CPU
	EndGlobalSection
	GlobalSection(ProjectConfigurationPlatforms) = postSolution
		{471231E1-4F73-45F2-9617-161519011766}.Debug|Any CPU.ActiveCfg = Debug|Any CPU
		{471231E1-4F73-45F2-9617-161519011766}.Debug|Any CPU.Build.0 = Debug|Any CPU
		{471231E1-4F73-45F2-9617-161519011766}.Release|Any CPU.ActiveCfg = Release|Any CPU
		{471231E1-4F73-45F2-9617-161519011766}.Release|Any CPU.Build.0 = Release|Any CPU
		{B206B80F-2ED9-41B2-931A-E69FC090B584}.Debug|Any CPU.ActiveCfg = Debug|Any CPU
		{B206B80F-2ED9-41B2-931A-E69FC090B584}.Debug|Any CPU.Build.0 = Debug|Any CPU
		{B206B80F-2ED9-41B2-931A-E69FC090B584}.Release|Any CPU.ActiveCfg = Release|Any CPU
		{B206B80F-2ED9-41B2-931A-E69FC090B584}.Release|Any CPU.Build.0 = Release|Any CPU
		{080F94D4-C4DD-4BFF-9CCD-D65025D3F6CA}.Debug|Any CPU.ActiveCfg = Debug|Any CPU
		{080F94D4-C4DD-4BFF-9CCD-D65025D3F6CA}.Debug|Any CPU.Build.0 = Debug|Any CPU
		{080F94D4-C4DD-4BFF-9CCD-D65025D3F6CA}.Release|Any CPU.ActiveCfg = Release|Any CPU
		{080F94D4-C4DD-4BFF-9CCD-D65025D3F6CA}.Release|Any CPU.Build.0 = Release|Any CPU
		{105CB3A5-5745-437D-9CB5-B0E1E69B72D0}.Debug|Any CPU.ActiveCfg = Debug|Any CPU
		{105CB3A5-5745-437D-9CB5-B0E1E69B72D0}.Debug|Any CPU.Build.0 = Debug|Any CPU
		{105CB3A5-5745-437D-9CB5-B0E1E69B72D0}.Release|Any CPU.ActiveCfg = Release|Any CPU
		{105CB3A5-5745-437D-9CB5-B0E1E69B72D0}.Release|Any CPU.Build.0 = Release|Any CPU
	EndGlobalSection
	GlobalSection(SolutionProperties) = preSolution
		HideSolutionNode = FALSE
	EndGlobalSection
EndGlobal
